// !$*UTF8*$!
{
	archiveVersion = 1;
	classes = {
	};
	objectVersion = 46;
	objects = {

/* Begin PBXBuildFile section */
		D8FFBD481E843A0200162349 /* AppDelegate.swift in Sources */ = {isa = PBXBuildFile; fileRef = D8FFBD471E843A0200162349 /* AppDelegate.swift */; };
		D8FFBD4A1E843A0200162349 /* ViewController.swift in Sources */ = {isa = PBXBuildFile; fileRef = D8FFBD491E843A0200162349 /* ViewController.swift */; };
		D8FFBD4D1E843A0200162349 /* Main.storyboard in Resources */ = {isa = PBXBuildFile; fileRef = D8FFBD4B1E843A0200162349 /* Main.storyboard */; };
		D8FFBD4F1E843A0200162349 /* Assets.xcassets in Resources */ = {isa = PBXBuildFile; fileRef = D8FFBD4E1E843A0200162349 /* Assets.xcassets */; };
		D8FFBD521E843A0200162349 /* LaunchScreen.storyboard in Resources */ = {isa = PBXBuildFile; fileRef = D8FFBD501E843A0200162349 /* LaunchScreen.storyboard */; };
		D8FFBD5A1E843EBE00162349 /* UIView + Anchors.swift in Sources */ = {isa = PBXBuildFile; fileRef = D8FFBD591E843EBE00162349 /* UIView + Anchors.swift */; };
		D94B45AD6EE0DD4AA3CBA960 /* Pods_FirebaseLogins.framework in Frameworks */ = {isa = PBXBuildFile; fileRef = 040C87A21C1B2A7E78011CD6 /* Pods_FirebaseLogins.framework */; };
/* End PBXBuildFile section */

/* Begin PBXFileReference section */
		040C87A21C1B2A7E78011CD6 /* Pods_FirebaseLogins.framework */ = {isa = PBXFileReference; explicitFileType = wrapper.framework; includeInIndex = 0; path = Pods_FirebaseLogins.framework; sourceTree = BUILT_PRODUCTS_DIR; };
		4841BE3B26A3BD7826C7B5D7 /* Pods-FirebaseLogins.debug.xcconfig */ = {isa = PBXFileReference; includeInIndex = 1; lastKnownFileType = text.xcconfig; name = "Pods-FirebaseLogins.debug.xcconfig"; path = "Pods/Target Support Files/Pods-FirebaseLogins/Pods-FirebaseLogins.debug.xcconfig"; sourceTree = "<group>"; };
		AF253CDF3F6DB11AE612C9A4 /* Pods-FirebaseLogins.release.xcconfig */ = {isa = PBXFileReference; includeInIndex = 1; lastKnownFileType = text.xcconfig; name = "Pods-FirebaseLogins.release.xcconfig"; path = "Pods/Target Support Files/Pods-FirebaseLogins/Pods-FirebaseLogins.release.xcconfig"; sourceTree = "<group>"; };
		D8FFBD441E843A0200162349 /* FirebaseLogins.app */ = {isa = PBXFileReference; explicitFileType = wrapper.application; includeInIndex = 0; path = FirebaseLogins.app; sourceTree = BUILT_PRODUCTS_DIR; };
		D8FFBD471E843A0200162349 /* AppDelegate.swift */ = {isa = PBXFileReference; lastKnownFileType = sourcecode.swift; path = AppDelegate.swift; sourceTree = "<group>"; };
		D8FFBD491E843A0200162349 /* ViewController.swift */ = {isa = PBXFileReference; lastKnownFileType = sourcecode.swift; path = ViewController.swift; sourceTree = "<group>"; };
		D8FFBD4C1E843A0200162349 /* Base */ = {isa = PBXFileReference; lastKnownFileType = file.storyboard; name = Base; path = Base.lproj/Main.storyboard; sourceTree = "<group>"; };
		D8FFBD4E1E843A0200162349 /* Assets.xcassets */ = {isa = PBXFileReference; lastKnownFileType = folder.assetcatalog; path = Assets.xcassets; sourceTree = "<group>"; };
		D8FFBD511E843A0200162349 /* Base */ = {isa = PBXFileReference; lastKnownFileType = file.storyboard; name = Base; path = Base.lproj/LaunchScreen.storyboard; sourceTree = "<group>"; };
		D8FFBD531E843A0200162349 /* Info.plist */ = {isa = PBXFileReference; lastKnownFileType = text.plist.xml; path = Info.plist; sourceTree = "<group>"; };
		D8FFBD591E843EBE00162349 /* UIView + Anchors.swift */ = {isa = PBXFileReference; fileEncoding = 4; lastKnownFileType = sourcecode.swift; path = "UIView + Anchors.swift"; sourceTree = "<group>"; };
		D8FFBD5B1E8441EC00162349 /* FirebaseLogins.entitlements */ = {isa = PBXFileReference; lastKnownFileType = text.plist.entitlements; path = FirebaseLogins.entitlements; sourceTree = "<group>"; };
/* End PBXFileReference section */

/* Begin PBXFrameworksBuildPhase section */
		D8FFBD411E843A0100162349 /* Frameworks */ = {
			isa = PBXFrameworksBuildPhase;
			buildActionMask = 2147483647;
			files = (
				D94B45AD6EE0DD4AA3CBA960 /* Pods_FirebaseLogins.framework in Frameworks */,
			);
			runOnlyForDeploymentPostprocessing = 0;
		};
/* End PBXFrameworksBuildPhase section */

/* Begin PBXGroup section */
		458BC029A91DA30CC3FA58AF /* Frameworks */ = {
			isa = PBXGroup;
			children = (
				040C87A21C1B2A7E78011CD6 /* Pods_FirebaseLogins.framework */,
			);
			name = Frameworks;
			sourceTree = "<group>";
		};
		4813FAFF52745DF000195941 /* Pods */ = {
			isa = PBXGroup;
			children = (
				4841BE3B26A3BD7826C7B5D7 /* Pods-FirebaseLogins.debug.xcconfig */,
				AF253CDF3F6DB11AE612C9A4 /* Pods-FirebaseLogins.release.xcconfig */,
			);
			name = Pods;
			sourceTree = "<group>";
		};
		D8FFBD3B1E843A0100162349 = {
			isa = PBXGroup;
			children = (
				D8FFBD461E843A0200162349 /* FirebaseLogins */,
				D8FFBD451E843A0200162349 /* Products */,
				4813FAFF52745DF000195941 /* Pods */,
				458BC029A91DA30CC3FA58AF /* Frameworks */,
			);
			sourceTree = "<group>";
		};
		D8FFBD451E843A0200162349 /* Products */ = {
			isa = PBXGroup;
			children = (
				D8FFBD441E843A0200162349 /* FirebaseLogins.app */,
			);
			name = Products;
			sourceTree = "<group>";
		};
		D8FFBD461E843A0200162349 /* FirebaseLogins */ = {
			isa = PBXGroup;
			children = (
				D8FFBD5B1E8441EC00162349 /* FirebaseLogins.entitlements */,
				D8FFBD591E843EBE00162349 /* UIView + Anchors.swift */,
				D8FFBD471E843A0200162349 /* AppDelegate.swift */,
				D8FFBD491E843A0200162349 /* ViewController.swift */,
				D8FFBD4B1E843A0200162349 /* Main.storyboard */,
				D8FFBD4E1E843A0200162349 /* Assets.xcassets */,
				D8FFBD501E843A0200162349 /* LaunchScreen.storyboard */,
				D8FFBD531E843A0200162349 /* Info.plist */,
			);
			path = FirebaseLogins;
			sourceTree = "<group>";
		};
/* End PBXGroup section */

/* Begin PBXNativeTarget section */
		D8FFBD431E843A0100162349 /* FirebaseLogins */ = {
			isa = PBXNativeTarget;
			buildConfigurationList = D8FFBD561E843A0200162349 /* Build configuration list for PBXNativeTarget "FirebaseLogins" */;
			buildPhases = (
				2C2DDE1B00FF1BE0B656B9F5 /* [CP] Check Pods Manifest.lock */,
				D8FFBD401E843A0100162349 /* Sources */,
				D8FFBD411E843A0100162349 /* Frameworks */,
				D8FFBD421E843A0100162349 /* Resources */,
				8E44B78FD1C27455E45ACBB8 /* [CP] Embed Pods Frameworks */,
				260C7908927644B089528F44 /* [CP] Copy Pods Resources */,
			);
			buildRules = (
			);
			dependencies = (
			);
			name = FirebaseLogins;
			productName = FirebaseLogins;
			productReference = D8FFBD441E843A0200162349 /* FirebaseLogins.app */;
			productType = "com.apple.product-type.application";
		};
/* End PBXNativeTarget section */

/* Begin PBXProject section */
		D8FFBD3C1E843A0100162349 /* Project object */ = {
			isa = PBXProject;
			attributes = {
				LastSwiftUpdateCheck = 0820;
				LastUpgradeCheck = 0820;
				ORGANIZATIONNAME = "Joseph Kim";
				TargetAttributes = {
					D8FFBD431E843A0100162349 = {
						CreatedOnToolsVersion = 8.2.1;
						DevelopmentTeam = C23R6NMUVD;
						ProvisioningStyle = Automatic;
						SystemCapabilities = {
							com.apple.Keychain = {
								enabled = 1;
							};
						};
					};
				};
			};
			buildConfigurationList = D8FFBD3F1E843A0100162349 /* Build configuration list for PBXProject "FirebaseLogins" */;
			compatibilityVersion = "Xcode 3.2";
			developmentRegion = English;
			hasScannedForEncodings = 0;
			knownRegions = (
				en,
				Base,
			);
			mainGroup = D8FFBD3B1E843A0100162349;
			productRefGroup = D8FFBD451E843A0200162349 /* Products */;
			projectDirPath = "";
			projectRoot = "";
			targets = (
				D8FFBD431E843A0100162349 /* FirebaseLogins */,
			);
		};
/* End PBXProject section */

/* Begin PBXResourcesBuildPhase section */
		D8FFBD421E843A0100162349 /* Resources */ = {
			isa = PBXResourcesBuildPhase;
			buildActionMask = 2147483647;
			files = (
				D8FFBD521E843A0200162349 /* LaunchScreen.storyboard in Resources */,
				D8FFBD4F1E843A0200162349 /* Assets.xcassets in Resources */,
				D8FFBD4D1E843A0200162349 /* Main.storyboard in Resources */,
			);
			runOnlyForDeploymentPostprocessing = 0;
		};
/* End PBXResourcesBuildPhase section */

/* Begin PBXShellScriptBuildPhase section */
		260C7908927644B089528F44 /* [CP] Copy Pods Resources */ = {
			isa = PBXShellScriptBuildPhase;
			buildActionMask = 2147483647;
			files = (
			);
			inputPaths = (
			);
			name = "[CP] Copy Pods Resources";
			outputPaths = (
			);
			runOnlyForDeploymentPostprocessing = 0;
			shellPath = /bin/sh;
			shellScript = "\"${SRCROOT}/Pods/Target Support Files/Pods-FirebaseLogins/Pods-FirebaseLogins-resources.sh\"\n";
			showEnvVarsInLog = 0;
		};
		2C2DDE1B00FF1BE0B656B9F5 /* [CP] Check Pods Manifest.lock */ = {
			isa = PBXShellScriptBuildPhase;
			buildActionMask = 2147483647;
			files = (
			);
			inputPaths = (
			);
			name = "[CP] Check Pods Manifest.lock";
			outputPaths = (
			);
			runOnlyForDeploymentPostprocessing = 0;
			shellPath = /bin/sh;
			shellScript = "diff \"${PODS_ROOT}/../Podfile.lock\" \"${PODS_ROOT}/Manifest.lock\" > /dev/null\nif [ $? != 0 ] ; then\n    # print error to STDERR\n    echo \"error: The sandbox is not in sync with the Podfile.lock. Run 'pod install' or update your CocoaPods installation.\" >&2\n    exit 1\nfi\n";
			showEnvVarsInLog = 0;
		};
		8E44B78FD1C27455E45ACBB8 /* [CP] Embed Pods Frameworks */ = {
			isa = PBXShellScriptBuildPhase;
			buildActionMask = 2147483647;
			files = (
			);
			inputPaths = (
			);
			name = "[CP] Embed Pods Frameworks";
			outputPaths = (
			);
			runOnlyForDeploymentPostprocessing = 0;
			shellPath = /bin/sh;
			shellScript = "\"${SRCROOT}/Pods/Target Support Files/Pods-FirebaseLogins/Pods-FirebaseLogins-frameworks.sh\"\n";
			showEnvVarsInLog = 0;
		};
/* End PBXShellScriptBuildPhase section */

/* Begin PBXSourcesBuildPhase section */
		D8FFBD401E843A0100162349 /* Sources */ = {
			isa = PBXSourcesBuildPhase;
			buildActionMask = 2147483647;
			files = (
				D8FFBD4A1E843A0200162349 /* ViewController.swift in Sources */,
				D8FFBD5A1E843EBE00162349 /* UIView + Anchors.swift in Sources */,
				D8FFBD481E843A0200162349 /* AppDelegate.swift in Sources */,
			);
			runOnlyForDeploymentPostprocessing = 0;
		};
/* End PBXSourcesBuildPhase section */

/* Begin PBXVariantGroup section */
		D8FFBD4B1E843A0200162349 /* Main.storyboard */ = {
			isa = PBXVariantGroup;
			children = (
				D8FFBD4C1E843A0200162349 /* Base */,
			);
			name = Main.storyboard;
			sourceTree = "<group>";
		};
		D8FFBD501E843A0200162349 /* LaunchScreen.storyboard */ = {
			isa = PBXVariantGroup;
			children = (
				D8FFBD511E843A0200162349 /* Base */,
			);
			name = LaunchScreen.storyboard;
			sourceTree = "<group>";
		};
/* End PBXVariantGroup section */

/* Begin XCBuildConfiguration section */
		D8FFBD541E843A0200162349 /* Debug */ = {
			isa = XCBuildConfiguration;
			buildSettings = {
				ALWAYS_SEARCH_USER_PATHS = NO;
				CLANG_ANALYZER_NONNULL = YES;
				CLANG_CXX_LANGUAGE_STANDARD = "gnu++0x";
				CLANG_CXX_LIBRARY = "libc++";
				CLANG_ENABLE_MODULES = YES;
				CLANG_ENABLE_OBJC_ARC = YES;
				CLANG_WARN_BOOL_CONVERSION = YES;
				CLANG_WARN_CONSTANT_CONVERSION = YES;
				CLANG_WARN_DIRECT_OBJC_ISA_USAGE = YES_ERROR;
				CLANG_WARN_DOCUMENTATION_COMMENTS = YES;
				CLANG_WARN_EMPTY_BODY = YES;
				CLANG_WARN_ENUM_CONVERSION = YES;
				CLANG_WARN_INFINITE_RECURSION = YES;
				CLANG_WARN_INT_CONVERSION = YES;
				CLANG_WARN_OBJC_ROOT_CLASS = YES_ERROR;
				CLANG_WARN_SUSPICIOUS_MOVE = YES;
				CLANG_WARN_UNREACHABLE_CODE = YES;
				CLANG_WARN__DUPLICATE_METHOD_MATCH = YES;
				"CODE_SIGN_IDENTITY[sdk=iphoneos*]" = "iPhone Developer";
				COPY_PHASE_STRIP = NO;
				DEBUG_INFORMATION_FORMAT = dwarf;
				ENABLE_STRICT_OBJC_MSGSEND = YES;
				ENABLE_TESTABILITY = YES;
				GCC_C_LANGUAGE_STANDARD = gnu99;
				GCC_DYNAMIC_NO_PIC = NO;
				GCC_NO_COMMON_BLOCKS = YES;
				GCC_OPTIMIZATION_LEVEL = 0;
				GCC_PREPROCESSOR_DEFINITIONS = (
					"DEBUG=1",
					"$(inherited)",
				);
				GCC_WARN_64_TO_32_BIT_CONVERSION = YES;
				GCC_WARN_ABOUT_RETURN_TYPE = YES_ERROR;
				GCC_WARN_UNDECLARED_SELECTOR = YES;
				GCC_WARN_UNINITIALIZED_AUTOS = YES_AGGRESSIVE;
				GCC_WARN_UNUSED_FUNCTION = YES;
				GCC_WARN_UNUSED_VARIABLE = YES;
				IPHONEOS_DEPLOYMENT_TARGET = 10.2;
				MTL_ENABLE_DEBUG_INFO = YES;
				ONLY_ACTIVE_ARCH = YES;
				SDKROOT = iphoneos;
				SWIFT_ACTIVE_COMPILATION_CONDITIONS = DEBUG;
				SWIFT_OPTIMIZATION_LEVEL = "-Onone";
				TARGETED_DEVICE_FAMILY = "1,2";
			};
			name = Debug;
		};
		D8FFBD551E843A0200162349 /* Release */ = {
			isa = XCBuildConfiguration;
			buildSettings = {
				ALWAYS_SEARCH_USER_PATHS = NO;
				CLANG_ANALYZER_NONNULL = YES;
				CLANG_CXX_LANGUAGE_STANDARD = "gnu++0x";
				CLANG_CXX_LIBRARY = "libc++";
				CLANG_ENABLE_MODULES = YES;
				CLANG_ENABLE_OBJC_ARC = YES;
				CLANG_WARN_BOOL_CONVERSION = YES;
				CLANG_WARN_CONSTANT_CONVERSION = YES;
				CLANG_WARN_DIRECT_OBJC_ISA_USAGE = YES_ERROR;
				CLANG_WARN_DOCUMENTATION_COMMENTS = YES;
				CLANG_WARN_EMPTY_BODY = YES;
				CLANG_WARN_ENUM_CONVERSION = YES;
				CLANG_WARN_INFINITE_RECURSION = YES;
				CLANG_WARN_INT_CONVERSION = YES;
				CLANG_WARN_OBJC_ROOT_CLASS = YES_ERROR;
				CLANG_WARN_SUSPICIOUS_MOVE = YES;
				CLANG_WARN_UNREACHABLE_CODE = YES;
				CLANG_WARN__DUPLICATE_METHOD_MATCH = YES;
				"CODE_SIGN_IDENTITY[sdk=iphoneos*]" = "iPhone Developer";
				COPY_PHASE_STRIP = NO;
				DEBUG_INFORMATION_FORMAT = "dwarf-with-dsym";
				ENABLE_NS_ASSERTIONS = NO;
				ENABLE_STRICT_OBJC_MSGSEND = YES;
				GCC_C_LANGUAGE_STANDARD = gnu99;
				GCC_NO_COMMON_BLOCKS = YES;
				GCC_WARN_64_TO_32_BIT_CONVERSION = YES;
				GCC_WARN_ABOUT_RETURN_TYPE = YES_ERROR;
				GCC_WARN_UNDECLARED_SELECTOR = YES;
				GCC_WARN_UNINITIALIZED_AUTOS = YES_AGGRESSIVE;
				GCC_WARN_UNUSED_FUNCTION = YES;
				GCC_WARN_UNUSED_VARIABLE = YES;
				IPHONEOS_DEPLOYMENT_TARGET = 10.2;
				MTL_ENABLE_DEBUG_INFO = NO;
				SDKROOT = iphoneos;
				SWIFT_OPTIMIZATION_LEVEL = "-Owholemodule";
				TARGETED_DEVICE_FAMILY = "1,2";
				VALIDATE_PRODUCT = YES;
			};
			name = Release;
		};
		D8FFBD571E843A0200162349 /* Debug */ = {
			isa = XCBuildConfiguration;
			baseConfigurationReference = 4841BE3B26A3BD7826C7B5D7 /* Pods-FirebaseLogins.debug.xcconfig */;
			buildSettings = {
				ASSETCATALOG_COMPILER_APPICON_NAME = AppIcon;
				CODE_SIGN_ENTITLEMENTS = FirebaseLogins/FirebaseLogins.entitlements;
				DEVELOPMENT_TEAM = C23R6NMUVD;
				INFOPLIST_FILE = FirebaseLogins/Info.plist;
				LD_RUNPATH_SEARCH_PATHS = "$(inherited) @executable_path/Frameworks";
				PRODUCT_BUNDLE_IDENTIFIER = com.codejk.FirebaseLogins;
				PRODUCT_NAME = "$(TARGET_NAME)";
				SWIFT_VERSION = 3.0;
			};
			name = Debug;
		};
		D8FFBD581E843A0200162349 /* Release */ = {
			isa = XCBuildConfiguration;
			baseConfigurationReference = AF253CDF3F6DB11AE612C9A4 /* Pods-FirebaseLogins.release.xcconfig */;
			buildSettings = {
				ASSETCATALOG_COMPILER_APPICON_NAME = AppIcon;
				CODE_SIGN_ENTITLEMENTS = FirebaseLogins/FirebaseLogins.entitlements;
				DEVELOPMENT_TEAM = C23R6NMUVD;
				INFOPLIST_FILE = FirebaseLogins/Info.plist;
				LD_RUNPATH_SEARCH_PATHS = "$(inherited) @executable_path/Frameworks";
				PRODUCT_BUNDLE_IDENTIFIER = com.codejk.FirebaseLogins;
				PRODUCT_NAME = "$(TARGET_NAME)";
				SWIFT_VERSION = 3.0;
			};
			name = Release;
		};
/* End XCBuildConfiguration section */

/* Begin XCConfigurationList section */
		D8FFBD3F1E843A0100162349 /* Build configuration list for PBXProject "FirebaseLogins" */ = {
			isa = XCConfigurationList;
			buildConfigurations = (
				D8FFBD541E843A0200162349 /* Debug */,
				D8FFBD551E843A0200162349 /* Release */,
			);
			defaultConfigurationIsVisible = 0;
			defaultConfigurationName = Release;
		};
		D8FFBD561E843A0200162349 /* Build configuration list for PBXNativeTarget "FirebaseLogins" */ = {
			isa = XCConfigurationList;
			buildConfigurations = (
				D8FFBD571E843A0200162349 /* Debug */,
				D8FFBD581E843A0200162349 /* Release */,
			);
			defaultConfigurationIsVisible = 0;
			defaultConfigurationName = Release;
		};
/* End XCConfigurationList section */
	};
	rootObject = D8FFBD3C1E843A0100162349 /* Project object */;
}
